
Microsoft Visual Studio Solution File, Format Version 12.00
# Visual Studio Version 17
VisualStudioVersion = 17.10.34814.14
MinimumVisualStudioVersion = 10.0.40219.1
Project("{9A19103F-16F7-4668-BE54-9A1E7A4F7556}") = "User.API", "User.API.csproj", "{75CC79A2-1481-474E-B05F-A761CDB636EA}"
EndProject
Project("{FAE04EC0-301F-11D3-BF4B-00C04F79EFBC}") = "User.Domain", "..\User.Domain\User.Domain.csproj", "{43B29FCA-AD6B-43D2-A4F2-FF088A543563}"
EndProject
Project("{FAE04EC0-301F-11D3-BF4B-00C04F79EFBC}") = "User.Infrastructure", "..\User.Infrastructure\User.Infrastructure.csproj", "{2F1DA706-20B8-46E6-8EA1-E6267B62FB21}"
EndProject
Project("{FAE04EC0-301F-11D3-BF4B-00C04F79EFBC}") = "User.API.Test", "..\..\test\User.API.Test\User.API.Test.csproj", "{A28A218A-A9C0-4B07-A758-2D5D1C51E988}"
EndProject
Global
	GlobalSection(SolutionConfigurationPlatforms) = preSolution
		Debug|Any CPU = Debug|Any CPU
		Release|Any CPU = Release|Any CPU
	EndGlobalSection
	GlobalSection(ProjectConfigurationPlatforms) = postSolution
		{75CC79A2-1481-474E-B05F-A761CDB636EA}.Debug|Any CPU.ActiveCfg = Debug|Any CPU
		{75CC79A2-1481-474E-B05F-A761CDB636EA}.Debug|Any CPU.Build.0 = Debug|Any CPU
		{75CC79A2-1481-474E-B05F-A761CDB636EA}.Release|Any CPU.ActiveCfg = Release|Any CPU
		{75CC79A2-1481-474E-B05F-A761CDB636EA}.Release|Any CPU.Build.0 = Release|Any CPU
		{43B29FCA-AD6B-43D2-A4F2-FF088A543563}.Debug|Any CPU.ActiveCfg = Debug|Any CPU
		{43B29FCA-AD6B-43D2-A4F2-FF088A543563}.Debug|Any CPU.Build.0 = Debug|Any CPU
		{43B29FCA-AD6B-43D2-A4F2-FF088A543563}.Release|Any CPU.ActiveCfg = Release|Any CPU
		{43B29FCA-AD6B-43D2-A4F2-FF088A543563}.Release|Any CPU.Build.0 = Release|Any CPU
		{2F1DA706-20B8-46E6-8EA1-E6267B62FB21}.Debug|Any CPU.ActiveCfg = Debug|Any CPU
		{2F1DA706-20B8-46E6-8EA1-E6267B62FB21}.Debug|Any CPU.Build.0 = Debug|Any CPU
		{2F1DA706-20B8-46E6-8EA1-E6267B62FB21}.Release|Any CPU.ActiveCfg = Release|Any CPU
		{2F1DA706-20B8-46E6-8EA1-E6267B62FB21}.Release|Any CPU.Build.0 = Release|Any CPU
		{A28A218A-A9C0-4B07-A758-2D5D1C51E988}.Debug|Any CPU.ActiveCfg = Debug|Any CPU
		{A28A218A-A9C0-4B07-A758-2D5D1C51E988}.Debug|Any CPU.Build.0 = Debug|Any CPU
		{A28A218A-A9C0-4B07-A758-2D5D1C51E988}.Release|Any CPU.ActiveCfg = Release|Any CPU
		{A28A218A-A9C0-4B07-A758-2D5D1C51E988}.Release|Any CPU.Build.0 = Release|Any CPU
	EndGlobalSection
	GlobalSection(SolutionProperties) = preSolution
		HideSolutionNode = FALSE
	EndGlobalSection
	GlobalSection(ExtensibilityGlobals) = postSolution
		SolutionGuid = {ACDAF23A-096C-4CA1-AC70-5894978C3946}
	EndGlobalSection
EndGlobal
