
Microsoft Visual Studio Solution File, Format Version 12.00
# Visual Studio Version 17
VisualStudioVersion = 17.10.34814.14
MinimumVisualStudioVersion = 10.0.40219.1
Project("{9A19103F-16F7-4668-BE54-9A1E7A4F7556}") = "User.API", "User.API.csproj", "{75CC79A2-1481-474E-B05F-A761CDB636EA}"
EndProject
Global
	GlobalSection(SolutionConfigurationPlatforms) = preSolution
		Debug|Any CPU = Debug|Any CPU
		Release|Any CPU = Release|Any CPU
	EndGlobalSection
	GlobalSection(ProjectConfigurationPlatforms) = postSolution
		{75CC79A2-1481-474E-B05F-A761CDB636EA}.Debug|Any CPU.ActiveCfg = Debug|Any CPU
		{75CC79A2-1481-474E-B05F-A761CDB636EA}.Debug|Any CPU.Build.0 = Debug|Any CPU
		{75CC79A2-1481-474E-B05F-A761CDB636EA}.Release|Any CPU.ActiveCfg = Release|Any CPU
		{75CC79A2-1481-474E-B05F-A761CDB636EA}.Release|Any CPU.Build.0 = Release|Any CPU
	EndGlobalSection
	GlobalSection(SolutionProperties) = preSolution
		HideSolutionNode = FALSE
	EndGlobalSection
	GlobalSection(ExtensibilityGlobals) = postSolution
		SolutionGuid = {ACDAF23A-096C-4CA1-AC70-5894978C3946}
	EndGlobalSection
EndGlobal
